
Microsoft Visual Studio Solution File, Format Version 12.00
# Visual Studio Version 17
VisualStudioVersion = 17.3.32819.101
MinimumVisualStudioVersion = 10.0.40219.1
Project("{FAE04EC0-301F-11D3-BF4B-00C04F79EFBC}") = "test.API", "test.API\test.API.csproj", "{44C09158-A4AE-4898-A53D-C3EAD62B135A}"
EndProject
Global
	GlobalSection(SolutionConfigurationPlatforms) = preSolution
		Debug|Any CPU = Debug|Any CPU
		Release|Any CPU = Release|Any CPU
	EndGlobalSection
	GlobalSection(ProjectConfigurationPlatforms) = postSolution
		{44C09158-A4AE-4898-A53D-C3EAD62B135A}.Debug|Any CPU.ActiveCfg = Debug|Any CPU
		{44C09158-A4AE-4898-A53D-C3EAD62B135A}.Debug|Any CPU.Build.0 = Debug|Any CPU
		{44C09158-A4AE-4898-A53D-C3EAD62B135A}.Release|Any CPU.ActiveCfg = Release|Any CPU
		{44C09158-A4AE-4898-A53D-C3EAD62B135A}.Release|Any CPU.Build.0 = Release|Any CPU
	EndGlobalSection
	GlobalSection(SolutionProperties) = preSolution
		HideSolutionNode = FALSE
	EndGlobalSection
	GlobalSection(ExtensibilityGlobals) = postSolution
		SolutionGuid = {242E8038-85C3-4817-A681-6261317C073C}
	EndGlobalSection
EndGlobal
